{
  "name": "@warren-bank/hls-proxy",
  "version": "3.3.0",
  "lockfileVersion": 2,
  "requires": true,
  "packages": {
    "": {
      "name": "@warren-bank/hls-proxy",
      "version": "3.3.0",
      "license": "GPL-2.0",
      "dependencies": {
        "@warren-bank/node-process-argv": "^1.2.1",
        "@warren-bank/node-request": "^2.0.12",
        "@warren-bank/url": "^3.1.0",
        "hpagent": "^1.2.0",
        "tough-cookie": "^3.0.1"
      },
      "bin": {
        "hlsd": "hls-proxy/bin/hlsd.js"
      }
    },
    "node_modules/@warren-bank/node-denodeify": {
      "version": "2.1.2",
      "resolved": "https://registry.npmjs.org/@warren-bank/node-denodeify/-/node-denodeify-2.1.2.tgz",
      "integrity": "sha512-GT5uoI3L4cZxSpx2smHNxOxExQQpR6FbJLkPVmI4kQcefxutHARC8A3yDCdwiGsFspY7a6RTQ1f0E6SnhZEVuw==",
      "dependencies": {
        "mime-types": "2.1.34"
      }
    },
    "node_modules/@warren-bank/node-process-argv": {
      "version": "1.2.1",
      "resolved": "https://registry.npmjs.org/@warren-bank/node-process-argv/-/node-process-argv-1.2.1.tgz",
      "integrity": "sha512-QvdN+2kCJdYvZF5GDu822MJJtOGWw5Lq6wrzspHCU4KgRRniqSpRSX2BRMw9BIbFJ1/TdBWEpNjjpGSdh+FsyQ=="
    },
    "node_modules/@warren-bank/node-request": {
      "version": "2.0.12",
      "resolved": "https://registry.npmjs.org/@warren-bank/node-request/-/node-request-2.0.12.tgz",
      "integrity": "sha512-Vw0p7zS2biXdsGQV+bQwcU0CAaQ3H02wNl2EfOUUKiOTWOZpWBfHbEFm7/ORQOBjufTHRI4TGTQTzTKiK7Xn3w==",
      "dependencies": {
        "@warren-bank/node-denodeify": "^2.1.2",
        "tough-cookie": "^3.0.1",
        "tough-cookie-filestore2": "^1.0.0"
      }
    },
    "node_modules/@warren-bank/url": {
      "version": "3.1.0",
      "resolved": "https://registry.npmjs.org/@warren-bank/url/-/url-3.1.0.tgz",
      "integrity": "sha512-XIGbyufdUIqVZ2T1oO8CeyChllyexTLjM9/4aAmvoyMXR8yNjaSvoaTN2b98kvaZj6EDo5ztwSM+jqFzl7Fe9Q=="
    },
    "node_modules/hpagent": {
      "version": "1.2.0",
      "resolved": "https://registry.npmjs.org/hpagent/-/hpagent-1.2.0.tgz",
      "integrity": "sha512-A91dYTeIB6NoXG+PxTQpCCDDnfHsW9kc06Lvpu1TEe9gnd6ZFeiBoRO9JvzEv6xK7EX97/dUE8g/vBMTqTS3CA==",
      "engines": {
        "node": ">=14"
      }
    },
    "node_modules/ip-regex": {
      "version": "2.1.0",
      "resolved": "https://registry.npmjs.org/ip-regex/-/ip-regex-2.1.0.tgz",
      "integrity": "sha512-58yWmlHpp7VYfcdTwMTvwMmqx/Elfxjd9RXTDyMsbL7lLWmhMylLEqiYVLKuLzOZqVgiWXD9MfR62Vv89VRxkw==",
      "engines": {
        "node": ">=4"
      }
    },
    "node_modules/mime-db": {
      "version": "1.51.0",
      "resolved": "https://registry.npmjs.org/mime-db/-/mime-db-1.51.0.tgz",
      "integrity": "sha512-5y8A56jg7XVQx2mbv1lu49NR4dokRnhZYTtL+KGfaa27uq4pSTXkwQkFJl4pkRMyNFz/EtYDSkiiEHx3F7UN6g==",
      "engines": {
        "node": ">= 0.6"
      }
    },
    "node_modules/mime-types": {
      "version": "2.1.34",
      "resolved": "https://registry.npmjs.org/mime-types/-/mime-types-2.1.34.tgz",
      "integrity": "sha512-6cP692WwGIs9XXdOO4++N+7qjqv0rqxxVvJ3VHPh/Sc9mVZcQP+ZGhkKiTvWMQRr2tbHkJP/Yn7Y0npb3ZBs4A==",
      "dependencies": {
        "mime-db": "1.51.0"
      },
      "engines": {
        "node": ">= 0.6"
      }
    },
    "node_modules/psl": {
      "version": "1.9.0",
      "resolved": "https://registry.npmjs.org/psl/-/psl-1.9.0.tgz",
      "integrity": "sha512-E/ZsdU4HLs/68gYzgGTkMicWTLPdAftJLfJFlLUAAKZGkStNU72sZjT66SnMDVOfOWY/YAoiD7Jxa9iHvngcag=="
    },
    "node_modules/punycode": {
      "version": "2.3.0",
      "resolved": "https://registry.npmjs.org/punycode/-/punycode-2.3.0.tgz",
      "integrity": "sha512-rRV+zQD8tVFys26lAGR9WUuS4iUAngJScM+ZRSKtvl5tKeZ2t5bvdNFdNHBW9FWR4guGHlgmsZ1G7BSm2wTbuA==",
      "engines": {
        "node": ">=6"
      }
    },
    "node_modules/tough-cookie": {
      "version": "3.0.1",
      "resolved": "https://registry.npmjs.org/tough-cookie/-/tough-cookie-3.0.1.tgz",
      "integrity": "sha512-yQyJ0u4pZsv9D4clxO69OEjLWYw+jbgspjTue4lTQZLfV0c5l1VmK2y1JK8E9ahdpltPOaAThPcp5nKPUgSnsg==",
      "dependencies": {
        "ip-regex": "^2.1.0",
        "psl": "^1.1.28",
        "punycode": "^2.1.1"
      },
      "engines": {
        "node": ">=6"
      }
    },
    "node_modules/tough-cookie-filestore2": {
      "version": "1.0.0",
      "resolved": "https://registry.npmjs.org/tough-cookie-filestore2/-/tough-cookie-filestore2-1.0.0.tgz",
      "integrity": "sha512-2/p7yiS7CBura7JzfCO72iuWNRbB2ot/Hz4VtiP6qcrgvYXUbeiyEUf6fz8i9gWvzOad83gOUCtg5PtLpErZug==",
      "dependencies": {
        "tough-cookie": "^2.3.3"
      }
    },
    "node_modules/tough-cookie-filestore2/node_modules/tough-cookie": {
      "version": "2.5.0",
      "resolved": "https://registry.npmjs.org/tough-cookie/-/tough-cookie-2.5.0.tgz",
      "integrity": "sha512-nlLsUzgm1kfLXSXfRZMc1KLAugd4hqJHDTvc2hDIwS3mZAfMEuMbc03SujMF+GEcpaX/qboeycw6iO8JwVv2+g==",
      "dependencies": {
        "psl": "^1.1.28",
        "punycode": "^2.1.1"
      },
      "engines": {
        "node": ">=0.8"
      }
    }
  },
  "dependencies": {
    "@warren-bank/node-denodeify": {
      "version": "2.1.2",
      "resolved": "https://registry.npmjs.org/@warren-bank/node-denodeify/-/node-denodeify-2.1.2.tgz",
      "integrity": "sha512-GT5uoI3L4cZxSpx2smHNxOxExQQpR6FbJLkPVmI4kQcefxutHARC8A3yDCdwiGsFspY7a6RTQ1f0E6SnhZEVuw==",
      "requires": {
        "mime-types": "2.1.34"
      }
    },
    "@warren-bank/node-process-argv": {
      "version": "1.2.1",
      "resolved": "https://registry.npmjs.org/@warren-bank/node-process-argv/-/node-process-argv-1.2.1.tgz",
      "integrity": "sha512-QvdN+2kCJdYvZF5GDu822MJJtOGWw5Lq6wrzspHCU4KgRRniqSpRSX2BRMw9BIbFJ1/TdBWEpNjjpGSdh+FsyQ=="
    },
    "@warren-bank/node-request": {
      "version": "2.0.12",
      "resolved": "https://registry.npmjs.org/@warren-bank/node-request/-/node-request-2.0.12.tgz",
      "integrity": "sha512-Vw0p7zS2biXdsGQV+bQwcU0CAaQ3H02wNl2EfOUUKiOTWOZpWBfHbEFm7/ORQOBjufTHRI4TGTQTzTKiK7Xn3w==",
      "requires": {
        "@warren-bank/node-denodeify": "^2.1.2",
        "tough-cookie": "^3.0.1",
        "tough-cookie-filestore2": "^1.0.0"
      }
    },
    "@warren-bank/url": {
      "version": "3.1.0",
      "resolved": "https://registry.npmjs.org/@warren-bank/url/-/url-3.1.0.tgz",
      "integrity": "sha512-XIGbyufdUIqVZ2T1oO8CeyChllyexTLjM9/4aAmvoyMXR8yNjaSvoaTN2b98kvaZj6EDo5ztwSM+jqFzl7Fe9Q=="
    },
    "hpagent": {
      "version": "1.2.0",
      "resolved": "https://registry.npmjs.org/hpagent/-/hpagent-1.2.0.tgz",
      "integrity": "sha512-A91dYTeIB6NoXG+PxTQpCCDDnfHsW9kc06Lvpu1TEe9gnd6ZFeiBoRO9JvzEv6xK7EX97/dUE8g/vBMTqTS3CA=="
    },
    "ip-regex": {
      "version": "2.1.0",
      "resolved": "https://registry.npmjs.org/ip-regex/-/ip-regex-2.1.0.tgz",
      "integrity": "sha512-58yWmlHpp7VYfcdTwMTvwMmqx/Elfxjd9RXTDyMsbL7lLWmhMylLEqiYVLKuLzOZqVgiWXD9MfR62Vv89VRxkw=="
    },
    "mime-db": {
      "version": "1.51.0",
      "resolved": "https://registry.npmjs.org/mime-db/-/mime-db-1.51.0.tgz",
      "integrity": "sha512-5y8A56jg7XVQx2mbv1lu49NR4dokRnhZYTtL+KGfaa27uq4pSTXkwQkFJl4pkRMyNFz/EtYDSkiiEHx3F7UN6g=="
    },
    "mime-types": {
      "version": "2.1.34",
      "resolved": "https://registry.npmjs.org/mime-types/-/mime-types-2.1.34.tgz",
      "integrity": "sha512-6cP692WwGIs9XXdOO4++N+7qjqv0rqxxVvJ3VHPh/Sc9mVZcQP+ZGhkKiTvWMQRr2tbHkJP/Yn7Y0npb3ZBs4A==",
      "requires": {
        "mime-db": "1.51.0"
      }
    },
    "psl": {
      "version": "1.9.0",
      "resolved": "https://registry.npmjs.org/psl/-/psl-1.9.0.tgz",
      "integrity": "sha512-E/ZsdU4HLs/68gYzgGTkMicWTLPdAftJLfJFlLUAAKZGkStNU72sZjT66SnMDVOfOWY/YAoiD7Jxa9iHvngcag=="
    },
    "punycode": {
      "version": "2.3.0",
      "resolved": "https://registry.npmjs.org/punycode/-/punycode-2.3.0.tgz",
      "integrity": "sha512-rRV+zQD8tVFys26lAGR9WUuS4iUAngJScM+ZRSKtvl5tKeZ2t5bvdNFdNHBW9FWR4guGHlgmsZ1G7BSm2wTbuA=="
    },
    "tough-cookie": {
      "version": "3.0.1",
      "resolved": "https://registry.npmjs.org/tough-cookie/-/tough-cookie-3.0.1.tgz",
      "integrity": "sha512-yQyJ0u4pZsv9D4clxO69OEjLWYw+jbgspjTue4lTQZLfV0c5l1VmK2y1JK8E9ahdpltPOaAThPcp5nKPUgSnsg==",
      "requires": {
        "ip-regex": "^2.1.0",
        "psl": "^1.1.28",
        "punycode": "^2.1.1"
      }
    },
    "tough-cookie-filestore2": {
      "version": "1.0.0",
      "resolved": "https://registry.npmjs.org/tough-cookie-filestore2/-/tough-cookie-filestore2-1.0.0.tgz",
      "integrity": "sha512-2/p7yiS7CBura7JzfCO72iuWNRbB2ot/Hz4VtiP6qcrgvYXUbeiyEUf6fz8i9gWvzOad83gOUCtg5PtLpErZug==",
      "requires": {
        "tough-cookie": "^2.3.3"
      },
      "dependencies": {
        "tough-cookie": {
          "version": "2.5.0",
          "resolved": "https://registry.npmjs.org/tough-cookie/-/tough-cookie-2.5.0.tgz",
          "integrity": "sha512-nlLsUzgm1kfLXSXfRZMc1KLAugd4hqJHDTvc2hDIwS3mZAfMEuMbc03SujMF+GEcpaX/qboeycw6iO8JwVv2+g==",
          "requires": {
            "psl": "^1.1.28",
            "punycode": "^2.1.1"
          }
        }
      }
    }
  }
}
