{
  "name": "@warren-bank/hls-proxy",
  "version": "0.16.1",
  "lockfileVersion": 1,
  "requires": true,
  "dependencies": {
    "@warren-bank/node-denodeify": {
      "version": "1.3.1",
      "resolved": "https://registry.npmjs.org/@warren-bank/node-denodeify/-/node-denodeify-1.3.1.tgz",
      "integrity": "sha512-kdC9zHY3iGVX6uKOcX2GJG/OUZNeRjKKECVGbTaq1v3s2bn0EIEbcr2ObGL34+Sy/kuonj3dhfzmmlb2WbzqoQ=="
    },
    "@warren-bank/node-request": {
      "version": "1.0.4",
      "resolved": "https://registry.npmjs.org/@warren-bank/node-request/-/node-request-1.0.4.tgz",
      "integrity": "sha1-KPDqhbjWAlOJPSgk83MAeSD1Ulw=",
      "requires": {
        "@warren-bank/node-denodeify": "^1.2.2"
      }
    }
  }
}
