{
  "name": "@warren-bank/hls-proxy",
  "version": "0.18.3",
  "lockfileVersion": 1,
  "requires": true,
  "dependencies": {
    "@warren-bank/node-denodeify": {
      "version": "2.0.1",
      "resolved": "https://registry.npmjs.org/@warren-bank/node-denodeify/-/node-denodeify-2.0.1.tgz",
      "integrity": "sha512-B23FyB0npH1/FngxQ2byf23fGgscRr/76F70z+G2yEUlfuv832X4aWSVT0+s0DkF86q86X5FmG/QqAJhZE9b5A=="
    },
    "@warren-bank/node-request": {
      "version": "2.0.1",
      "resolved": "https://registry.npmjs.org/@warren-bank/node-request/-/node-request-2.0.1.tgz",
      "integrity": "sha512-5KwehLWCGDrqN3aRnIr4byQ7weiYgsWAkRpnRo+4zd6ZORfqHgfCSyP0m5/TdzB3/vdWPWca5nIrLag/uOd71g==",
      "requires": {
        "@warren-bank/node-denodeify": "^2.0.1",
        "tough-cookie": "^3.0.1",
        "tough-cookie-filestore2": "^1.0.0"
      }
    },
    "ip-regex": {
      "version": "2.1.0",
      "resolved": "https://registry.npmjs.org/ip-regex/-/ip-regex-2.1.0.tgz",
      "integrity": "sha1-+ni/XS5pE8kRzp+BnuUUa7bYROk="
    },
    "psl": {
      "version": "1.8.0",
      "resolved": "https://registry.npmjs.org/psl/-/psl-1.8.0.tgz",
      "integrity": "sha512-RIdOzyoavK+hA18OGGWDqUTsCLhtA7IcZ/6NCs4fFJaHBDab+pDDmDIByWFRQJq2Cd7r1OoQxBGKOaztq+hjIQ=="
    },
    "punycode": {
      "version": "2.1.1",
      "resolved": "https://registry.npmjs.org/punycode/-/punycode-2.1.1.tgz",
      "integrity": "sha512-XRsRjdf+j5ml+y/6GKHPZbrF/8p2Yga0JPtdqTIY2Xe5ohJPD9saDJJLPvp9+NSBprVvevdXZybnj2cv8OEd0A=="
    },
    "tough-cookie": {
      "version": "3.0.1",
      "resolved": "https://registry.npmjs.org/tough-cookie/-/tough-cookie-3.0.1.tgz",
      "integrity": "sha512-yQyJ0u4pZsv9D4clxO69OEjLWYw+jbgspjTue4lTQZLfV0c5l1VmK2y1JK8E9ahdpltPOaAThPcp5nKPUgSnsg==",
      "requires": {
        "ip-regex": "^2.1.0",
        "psl": "^1.1.28",
        "punycode": "^2.1.1"
      }
    },
    "tough-cookie-filestore2": {
      "version": "1.0.0",
      "resolved": "https://registry.npmjs.org/tough-cookie-filestore2/-/tough-cookie-filestore2-1.0.0.tgz",
      "integrity": "sha512-2/p7yiS7CBura7JzfCO72iuWNRbB2ot/Hz4VtiP6qcrgvYXUbeiyEUf6fz8i9gWvzOad83gOUCtg5PtLpErZug==",
      "requires": {
        "tough-cookie": "^2.3.3"
      },
      "dependencies": {
        "tough-cookie": {
          "version": "2.5.0",
          "resolved": "https://registry.npmjs.org/tough-cookie/-/tough-cookie-2.5.0.tgz",
          "integrity": "sha512-nlLsUzgm1kfLXSXfRZMc1KLAugd4hqJHDTvc2hDIwS3mZAfMEuMbc03SujMF+GEcpaX/qboeycw6iO8JwVv2+g==",
          "requires": {
            "psl": "^1.1.28",
            "punycode": "^2.1.1"
          }
        }
      }
    }
  }
}
